
Microsoft Visual Studio Solution File, Format Version 12.00
# Visual Studio Version 17
VisualStudioVersion = 17.5.33424.131
MinimumVisualStudioVersion = 10.0.40219.1
Project("{8BC9CEB8-8B4A-11D0-8D11-00A0C91BC942}") = "structure", "structure\structure.vcxproj", "{B533447A-395F-4186-B9BB-126B06AB1252}"
EndProject
Project("{8BC9CEB8-8B4A-11D0-8D11-00A0C91BC942}") = "structure 2", "structure 2\structure 2.vcxproj", "{82727AF9-7BCF-47AE-8CAF-0E4A5A44BBBA}"
EndProject
Project("{8BC9CEB8-8B4A-11D0-8D11-00A0C91BC942}") = "structur 3", "structur 3\structur 3.vcxproj", "{DFCE4AAC-4FB6-473A-ADD8-37FA7DC13C95}"
EndProject
Global
	GlobalSection(SolutionConfigurationPlatforms) = preSolution
		Debug|x64 = Debug|x64
		Debug|x86 = Debug|x86
		Release|x64 = Release|x64
		Release|x86 = Release|x86
	EndGlobalSection
	GlobalSection(ProjectConfigurationPlatforms) = postSolution
		{B533447A-395F-4186-B9BB-126B06AB1252}.Debug|x64.ActiveCfg = Debug|x64
		{B533447A-395F-4186-B9BB-126B06AB1252}.Debug|x64.Build.0 = Debug|x64
		{B533447A-395F-4186-B9BB-126B06AB1252}.Debug|x86.ActiveCfg = Debug|Win32
		{B533447A-395F-4186-B9BB-126B06AB1252}.Debug|x86.Build.0 = Debug|Win32
		{B533447A-395F-4186-B9BB-126B06AB1252}.Release|x64.ActiveCfg = Release|x64
		{B533447A-395F-4186-B9BB-126B06AB1252}.Release|x64.Build.0 = Release|x64
		{B533447A-395F-4186-B9BB-126B06AB1252}.Release|x86.ActiveCfg = Release|Win32
		{B533447A-395F-4186-B9BB-126B06AB1252}.Release|x86.Build.0 = Release|Win32
		{82727AF9-7BCF-47AE-8CAF-0E4A5A44BBBA}.Debug|x64.ActiveCfg = Debug|x64
		{82727AF9-7BCF-47AE-8CAF-0E4A5A44BBBA}.Debug|x64.Build.0 = Debug|x64
		{82727AF9-7BCF-47AE-8CAF-0E4A5A44BBBA}.Debug|x86.ActiveCfg = Debug|Win32
		{82727AF9-7BCF-47AE-8CAF-0E4A5A44BBBA}.Debug|x86.Build.0 = Debug|Win32
		{82727AF9-7BCF-47AE-8CAF-0E4A5A44BBBA}.Release|x64.ActiveCfg = Release|x64
		{82727AF9-7BCF-47AE-8CAF-0E4A5A44BBBA}.Release|x64.Build.0 = Release|x64
		{82727AF9-7BCF-47AE-8CAF-0E4A5A44BBBA}.Release|x86.ActiveCfg = Release|Win32
		{82727AF9-7BCF-47AE-8CAF-0E4A5A44BBBA}.Release|x86.Build.0 = Release|Win32
		{DFCE4AAC-4FB6-473A-ADD8-37FA7DC13C95}.Debug|x64.ActiveCfg = Debug|x64
		{DFCE4AAC-4FB6-473A-ADD8-37FA7DC13C95}.Debug|x64.Build.0 = Debug|x64
		{DFCE4AAC-4FB6-473A-ADD8-37FA7DC13C95}.Debug|x86.ActiveCfg = Debug|Win32
		{DFCE4AAC-4FB6-473A-ADD8-37FA7DC13C95}.Debug|x86.Build.0 = Debug|Win32
		{DFCE4AAC-4FB6-473A-ADD8-37FA7DC13C95}.Release|x64.ActiveCfg = Release|x64
		{DFCE4AAC-4FB6-473A-ADD8-37FA7DC13C95}.Release|x64.Build.0 = Release|x64
		{DFCE4AAC-4FB6-473A-ADD8-37FA7DC13C95}.Release|x86.ActiveCfg = Release|Win32
		{DFCE4AAC-4FB6-473A-ADD8-37FA7DC13C95}.Release|x86.Build.0 = Release|Win32
	EndGlobalSection
	GlobalSection(SolutionProperties) = preSolution
		HideSolutionNode = FALSE
	EndGlobalSection
	GlobalSection(ExtensibilityGlobals) = postSolution
		SolutionGuid = {DAF8353B-DAD0-4EC0-BABF-835E66DAD341}
	EndGlobalSection
EndGlobal
